
Microsoft Visual Studio Solution File, Format Version 12.00
# Visual Studio 15
VisualStudioVersion = 15.0.28307.329
MinimumVisualStudioVersion = 10.0.40219.1
Project("{FAE04EC0-301F-11D3-BF4B-00C04F79EFBC}") = "GameSaver", "GameSaver\GameSaver.csproj", "{69D73274-8707-4821-A8A5-EF01DB49E5EA}"
EndProject
Global
	GlobalSection(SolutionConfigurationPlatforms) = preSolution
		Debug|Any CPU = Debug|Any CPU
		Release|Any CPU = Release|Any CPU
	EndGlobalSection
	GlobalSection(ProjectConfigurationPlatforms) = postSolution
		{69D73274-8707-4821-A8A5-EF01DB49E5EA}.Debug|Any CPU.ActiveCfg = Debug|Any CPU
		{69D73274-8707-4821-A8A5-EF01DB49E5EA}.Debug|Any CPU.Build.0 = Debug|Any CPU
		{69D73274-8707-4821-A8A5-EF01DB49E5EA}.Release|Any CPU.ActiveCfg = Release|Any CPU
		{69D73274-8707-4821-A8A5-EF01DB49E5EA}.Release|Any CPU.Build.0 = Release|Any CPU
	EndGlobalSection
	GlobalSection(SolutionProperties) = preSolution
		HideSolutionNode = FALSE
	EndGlobalSection
	GlobalSection(ExtensibilityGlobals) = postSolution
		SolutionGuid = {329C3FF8-67BA-4F76-809B-38DCB0DD1BFE}
	EndGlobalSection
EndGlobal
